
Microsoft Visual Studio Solution File, Format Version 12.00
# Visual Studio 15
Project("{FAE04EC0-301F-11D3-BF4B-00C04F79EFBC}") = "OneCanRun.Game", "OneCanRun.Game.csproj", "{31FE8E72-AA61-C945-B617-01FDE253E853}"
EndProject
Project("{FAE04EC0-301F-11D3-BF4B-00C04F79EFBC}") = "OneCanRun.GamePlay", "OneCanRun.GamePlay.csproj", "{40CE134F-9912-0858-92D8-7B16B28CFF40}"
EndProject
Project("{FAE04EC0-301F-11D3-BF4B-00C04F79EFBC}") = "Assembly-CSharp", "Assembly-CSharp.csproj", "{0A41A6A2-4CA0-878D-4EF0-ABEAFCFABC6C}"
EndProject
Project("{FAE04EC0-301F-11D3-BF4B-00C04F79EFBC}") = "Enemies.AI", "Enemies.AI.csproj", "{C7FBDE88-1F05-2294-09A3-9B8FD007F3A6}"
EndProject
Global
	GlobalSection(SolutionConfigurationPlatforms) = preSolution
		Debug|Any CPU = Debug|Any CPU
		Release|Any CPU = Release|Any CPU
	EndGlobalSection
	GlobalSection(ProjectConfigurationPlatforms) = postSolution
		{31FE8E72-AA61-C945-B617-01FDE253E853}.Debug|Any CPU.ActiveCfg = Debug|Any CPU
		{31FE8E72-AA61-C945-B617-01FDE253E853}.Debug|Any CPU.Build.0 = Debug|Any CPU
		{31FE8E72-AA61-C945-B617-01FDE253E853}.Release|Any CPU.ActiveCfg = Release|Any CPU
		{31FE8E72-AA61-C945-B617-01FDE253E853}.Release|Any CPU.Build.0 = Release|Any CPU
		{40CE134F-9912-0858-92D8-7B16B28CFF40}.Debug|Any CPU.ActiveCfg = Debug|Any CPU
		{40CE134F-9912-0858-92D8-7B16B28CFF40}.Debug|Any CPU.Build.0 = Debug|Any CPU
		{40CE134F-9912-0858-92D8-7B16B28CFF40}.Release|Any CPU.ActiveCfg = Release|Any CPU
		{40CE134F-9912-0858-92D8-7B16B28CFF40}.Release|Any CPU.Build.0 = Release|Any CPU
		{0A41A6A2-4CA0-878D-4EF0-ABEAFCFABC6C}.Debug|Any CPU.ActiveCfg = Debug|Any CPU
		{0A41A6A2-4CA0-878D-4EF0-ABEAFCFABC6C}.Debug|Any CPU.Build.0 = Debug|Any CPU
		{0A41A6A2-4CA0-878D-4EF0-ABEAFCFABC6C}.Release|Any CPU.ActiveCfg = Release|Any CPU
		{0A41A6A2-4CA0-878D-4EF0-ABEAFCFABC6C}.Release|Any CPU.Build.0 = Release|Any CPU
		{C7FBDE88-1F05-2294-09A3-9B8FD007F3A6}.Debug|Any CPU.ActiveCfg = Debug|Any CPU
		{C7FBDE88-1F05-2294-09A3-9B8FD007F3A6}.Debug|Any CPU.Build.0 = Debug|Any CPU
		{C7FBDE88-1F05-2294-09A3-9B8FD007F3A6}.Release|Any CPU.ActiveCfg = Release|Any CPU
		{C7FBDE88-1F05-2294-09A3-9B8FD007F3A6}.Release|Any CPU.Build.0 = Release|Any CPU
	EndGlobalSection
	GlobalSection(SolutionProperties) = preSolution
		HideSolutionNode = FALSE
	EndGlobalSection
EndGlobal
